// !$*UTF8*$!
{
	archiveVersion = 1;
	classes = {
	};
	objectVersion = 56;
	objects = {

/* Begin PBXBuildFile section */
		6F6556D82975B74300808DB4 /* SUIApp.swift in Sources */ = {isa = PBXBuildFile; fileRef = 6F6556D72975B74300808DB4 /* SUIApp.swift */; };
		6F6556DA2975B74300808DB4 /* CarSettingsView.swift in Sources */ = {isa = PBXBuildFile; fileRef = 6F6556D92975B74300808DB4 /* CarSettingsView.swift */; };
		6F6556DC2975B74500808DB4 /* Assets.xcassets in Resources */ = {isa = PBXBuildFile; fileRef = 6F6556DB2975B74500808DB4 /* Assets.xcassets */; };
		6F6556DF2975B74500808DB4 /* Preview Assets.xcassets in Resources */ = {isa = PBXBuildFile; fileRef = 6F6556DE2975B74500808DB4 /* Preview Assets.xcassets */; };
		6F8D3EDB298984A300C2E9FF /* NeumorhismNavigationCircleButtonUnselected.swift in Sources */ = {isa = PBXBuildFile; fileRef = 6F8D3EDA298984A300C2E9FF /* NeumorhismNavigationCircleButtonUnselected.swift */; };
		6F8D3EDD2989894B00C2E9FF /* ClimateView.swift in Sources */ = {isa = PBXBuildFile; fileRef = 6F8D3EDC2989894B00C2E9FF /* ClimateView.swift */; };
		6F8D3EDF2989964900C2E9FF /* ClimateViewModel.swift in Sources */ = {isa = PBXBuildFile; fileRef = 6F8D3EDE2989964900C2E9FF /* ClimateViewModel.swift */; };
		6F8D3EE129899B4C00C2E9FF /* ButtonImageModifier.swift in Sources */ = {isa = PBXBuildFile; fileRef = 6F8D3EE029899B4C00C2E9FF /* ButtonImageModifier.swift */; };
		6F8D3EE32989AC1400C2E9FF /* BottomSheetView.swift in Sources */ = {isa = PBXBuildFile; fileRef = 6F8D3EE22989AC1400C2E9FF /* BottomSheetView.swift */; };
		6F8D3EE52989D81300C2E9FF /* CustomStepperView.swift in Sources */ = {isa = PBXBuildFile; fileRef = 6F8D3EE42989D81300C2E9FF /* CustomStepperView.swift */; };
		6F8D3EE7298AD10300C2E9FF /* BottomSheetViewModel.swift in Sources */ = {isa = PBXBuildFile; fileRef = 6F8D3EE6298AD10300C2E9FF /* BottomSheetViewModel.swift */; };
		6F8D3F03298AEF9100C2E9FF /* LaunchScreenView.swift in Sources */ = {isa = PBXBuildFile; fileRef = 6F8D3F02298AEF9100C2E9FF /* LaunchScreenView.swift */; };
		6F8D3F07298B12E900C2E9FF /* TabItemPreferenceKey.swift in Sources */ = {isa = PBXBuildFile; fileRef = 6F8D3F06298B12E900C2E9FF /* TabItemPreferenceKey.swift */; };
		6F8D3F09298B132300C2E9FF /* TabItemModifire.swift in Sources */ = {isa = PBXBuildFile; fileRef = 6F8D3F08298B132300C2E9FF /* TabItemModifire.swift */; };
		6F8D3F0B298B136F00C2E9FF /* TabItem.swift in Sources */ = {isa = PBXBuildFile; fileRef = 6F8D3F0A298B136F00C2E9FF /* TabItem.swift */; };
		6F8D3F0D298B13B200C2E9FF /* CustomTabView.swift in Sources */ = {isa = PBXBuildFile; fileRef = 6F8D3F0C298B13B200C2E9FF /* CustomTabView.swift */; };
		6F8D3F0F298B145100C2E9FF /* CustomTabViewModel.swift in Sources */ = {isa = PBXBuildFile; fileRef = 6F8D3F0E298B145100C2E9FF /* CustomTabViewModel.swift */; };
		6F8D3F14298B159800C2E9FF /* MainTabView.swift in Sources */ = {isa = PBXBuildFile; fileRef = 6F8D3F13298B159800C2E9FF /* MainTabView.swift */; };
		6F8D3F16298B161E00C2E9FF /* MainTabViewModel.swift in Sources */ = {isa = PBXBuildFile; fileRef = 6F8D3F15298B161E00C2E9FF /* MainTabViewModel.swift */; };
		6F8D3F18298C1DB400C2E9FF /* CustomTabViewBackground.swift in Sources */ = {isa = PBXBuildFile; fileRef = 6F8D3F17298C1DB400C2E9FF /* CustomTabViewBackground.swift */; };
		6F8D3F1A298C26D000C2E9FF /* ChargingView.swift in Sources */ = {isa = PBXBuildFile; fileRef = 6F8D3F19298C26D000C2E9FF /* ChargingView.swift */; };
		6F8D3F1E298C36F200C2E9FF /* CustomChargeProgressViewShape.swift in Sources */ = {isa = PBXBuildFile; fileRef = 6F8D3F1D298C36F200C2E9FF /* CustomChargeProgressViewShape.swift */; };
		6F8D3F20298C428D00C2E9FF /* ProgressViewThumbViewShape.swift in Sources */ = {isa = PBXBuildFile; fileRef = 6F8D3F1F298C428D00C2E9FF /* ProgressViewThumbViewShape.swift */; };
		6F8D3F24298C5CF900C2E9FF /* LaunchScreenViewModel.swift in Sources */ = {isa = PBXBuildFile; fileRef = 6F8D3F23298C5CF900C2E9FF /* LaunchScreenViewModel.swift */; };
		6F8D3F26298C6D3C00C2E9FF /* CustomSliderView.swift in Sources */ = {isa = PBXBuildFile; fileRef = 6F8D3F25298C6D3C00C2E9FF /* CustomSliderView.swift */; };
		6F8D3F28298C768100C2E9FF /* ChargingViewModel.swift in Sources */ = {isa = PBXBuildFile; fileRef = 6F8D3F27298C768100C2E9FF /* ChargingViewModel.swift */; };
		6F8D3F2A298C7D1E00C2E9FF /* CustomSliderViewModel.swift in Sources */ = {isa = PBXBuildFile; fileRef = 6F8D3F29298C7D1E00C2E9FF /* CustomSliderViewModel.swift */; };
		6FFCA03F29883AA60083C501 /* NeumorphismUnSelected.swift in Sources */ = {isa = PBXBuildFile; fileRef = 6FFCA03E29883AA60083C501 /* NeumorphismUnSelected.swift */; };
		6FFCA04129883B820083C501 /* NeumorphismSelected.swift in Sources */ = {isa = PBXBuildFile; fileRef = 6FFCA04029883B820083C501 /* NeumorphismSelected.swift */; };
		6FFCA04329883BEC0083C501 /* NeumorphismUnSelectedCircle.swift in Sources */ = {isa = PBXBuildFile; fileRef = 6FFCA04229883BEC0083C501 /* NeumorphismUnSelectedCircle.swift */; };
		6FFCA04529883C850083C501 /* View+Extension.swift in Sources */ = {isa = PBXBuildFile; fileRef = 6FFCA04429883C850083C501 /* View+Extension.swift */; };
		6FFCA04729883F460083C501 /* CarSettingsViewModel.swift in Sources */ = {isa = PBXBuildFile; fileRef = 6FFCA04629883F460083C501 /* CarSettingsViewModel.swift */; };
		6FFCA0492988551F0083C501 /* UIColor+Extension.swift in Sources */ = {isa = PBXBuildFile; fileRef = 6FFCA0482988551F0083C501 /* UIColor+Extension.swift */; };
		6FFCA04B2988593E0083C501 /* Color+Extension.swift in Sources */ = {isa = PBXBuildFile; fileRef = 6FFCA04A2988593E0083C501 /* Color+Extension.swift */; };
		6FFCA04D298861FF0083C501 /* StartView.swift in Sources */ = {isa = PBXBuildFile; fileRef = 6FFCA04C298861FF0083C501 /* StartView.swift */; };
		6FFCA04F2988623F0083C501 /* Constants.swift in Sources */ = {isa = PBXBuildFile; fileRef = 6FFCA04E2988623F0083C501 /* Constants.swift */; };
		6FFCA054298867310083C501 /* NeumorphismSelectedCircle.swift in Sources */ = {isa = PBXBuildFile; fileRef = 6FFCA053298867310083C501 /* NeumorphismSelectedCircle.swift */; };
		6FFCA05629886B4F0083C501 /* StartViewModel.swift in Sources */ = {isa = PBXBuildFile; fileRef = 6FFCA05529886B4F0083C501 /* StartViewModel.swift */; };
		6FFCA05829896B1C0083C501 /* AnimatableGradientModifier.swift in Sources */ = {isa = PBXBuildFile; fileRef = 6FFCA05729896B1C0083C501 /* AnimatableGradientModifier.swift */; };
/* End PBXBuildFile section */

/* Begin PBXFileReference section */
		6F6556D42975B74300808DB4 /* TeslaSUI.app */ = {isa = PBXFileReference; explicitFileType = wrapper.application; includeInIndex = 0; path = TeslaSUI.app; sourceTree = BUILT_PRODUCTS_DIR; };
		6F6556D72975B74300808DB4 /* SUIApp.swift */ = {isa = PBXFileReference; lastKnownFileType = sourcecode.swift; path = SUIApp.swift; sourceTree = "<group>"; };
		6F6556D92975B74300808DB4 /* CarSettingsView.swift */ = {isa = PBXFileReference; lastKnownFileType = sourcecode.swift; path = CarSettingsView.swift; sourceTree = "<group>"; };
		6F6556DB2975B74500808DB4 /* Assets.xcassets */ = {isa = PBXFileReference; lastKnownFileType = folder.assetcatalog; path = Assets.xcassets; sourceTree = "<group>"; };
		6F6556DE2975B74500808DB4 /* Preview Assets.xcassets */ = {isa = PBXFileReference; lastKnownFileType = folder.assetcatalog; path = "Preview Assets.xcassets"; sourceTree = "<group>"; };
		6F8D3EDA298984A300C2E9FF /* NeumorhismNavigationCircleButtonUnselected.swift */ = {isa = PBXFileReference; lastKnownFileType = sourcecode.swift; path = NeumorhismNavigationCircleButtonUnselected.swift; sourceTree = "<group>"; };
		6F8D3EDC2989894B00C2E9FF /* ClimateView.swift */ = {isa = PBXFileReference; lastKnownFileType = sourcecode.swift; path = ClimateView.swift; sourceTree = "<group>"; };
		6F8D3EDE2989964900C2E9FF /* ClimateViewModel.swift */ = {isa = PBXFileReference; lastKnownFileType = sourcecode.swift; path = ClimateViewModel.swift; sourceTree = "<group>"; };
		6F8D3EE029899B4C00C2E9FF /* ButtonImageModifier.swift */ = {isa = PBXFileReference; lastKnownFileType = sourcecode.swift; path = ButtonImageModifier.swift; sourceTree = "<group>"; };
		6F8D3EE22989AC1400C2E9FF /* BottomSheetView.swift */ = {isa = PBXFileReference; lastKnownFileType = sourcecode.swift; path = BottomSheetView.swift; sourceTree = "<group>"; };
		6F8D3EE42989D81300C2E9FF /* CustomStepperView.swift */ = {isa = PBXFileReference; lastKnownFileType = sourcecode.swift; path = CustomStepperView.swift; sourceTree = "<group>"; };
		6F8D3EE6298AD10300C2E9FF /* BottomSheetViewModel.swift */ = {isa = PBXFileReference; lastKnownFileType = sourcecode.swift; path = BottomSheetViewModel.swift; sourceTree = "<group>"; };
		6F8D3F02298AEF9100C2E9FF /* LaunchScreenView.swift */ = {isa = PBXFileReference; lastKnownFileType = sourcecode.swift; path = LaunchScreenView.swift; sourceTree = "<group>"; };
		6F8D3F06298B12E900C2E9FF /* TabItemPreferenceKey.swift */ = {isa = PBXFileReference; lastKnownFileType = sourcecode.swift; path = TabItemPreferenceKey.swift; sourceTree = "<group>"; };
		6F8D3F08298B132300C2E9FF /* TabItemModifire.swift */ = {isa = PBXFileReference; lastKnownFileType = sourcecode.swift; path = TabItemModifire.swift; sourceTree = "<group>"; };
		6F8D3F0A298B136F00C2E9FF /* TabItem.swift */ = {isa = PBXFileReference; lastKnownFileType = sourcecode.swift; path = TabItem.swift; sourceTree = "<group>"; };
		6F8D3F0C298B13B200C2E9FF /* CustomTabView.swift */ = {isa = PBXFileReference; lastKnownFileType = sourcecode.swift; path = CustomTabView.swift; sourceTree = "<group>"; };
		6F8D3F0E298B145100C2E9FF /* CustomTabViewModel.swift */ = {isa = PBXFileReference; lastKnownFileType = sourcecode.swift; path = CustomTabViewModel.swift; sourceTree = "<group>"; };
		6F8D3F13298B159800C2E9FF /* MainTabView.swift */ = {isa = PBXFileReference; lastKnownFileType = sourcecode.swift; path = MainTabView.swift; sourceTree = "<group>"; };
		6F8D3F15298B161E00C2E9FF /* MainTabViewModel.swift */ = {isa = PBXFileReference; lastKnownFileType = sourcecode.swift; path = MainTabViewModel.swift; sourceTree = "<group>"; };
		6F8D3F17298C1DB400C2E9FF /* CustomTabViewBackground.swift */ = {isa = PBXFileReference; lastKnownFileType = sourcecode.swift; path = CustomTabViewBackground.swift; sourceTree = "<group>"; };
		6F8D3F19298C26D000C2E9FF /* ChargingView.swift */ = {isa = PBXFileReference; lastKnownFileType = sourcecode.swift; path = ChargingView.swift; sourceTree = "<group>"; };
		6F8D3F1D298C36F200C2E9FF /* CustomChargeProgressViewShape.swift */ = {isa = PBXFileReference; lastKnownFileType = sourcecode.swift; path = CustomChargeProgressViewShape.swift; sourceTree = "<group>"; };
		6F8D3F1F298C428D00C2E9FF /* ProgressViewThumbViewShape.swift */ = {isa = PBXFileReference; lastKnownFileType = sourcecode.swift; path = ProgressViewThumbViewShape.swift; sourceTree = "<group>"; };
		6F8D3F23298C5CF900C2E9FF /* LaunchScreenViewModel.swift */ = {isa = PBXFileReference; lastKnownFileType = sourcecode.swift; path = LaunchScreenViewModel.swift; sourceTree = "<group>"; };
		6F8D3F25298C6D3C00C2E9FF /* CustomSliderView.swift */ = {isa = PBXFileReference; lastKnownFileType = sourcecode.swift; path = CustomSliderView.swift; sourceTree = "<group>"; };
		6F8D3F27298C768100C2E9FF /* ChargingViewModel.swift */ = {isa = PBXFileReference; lastKnownFileType = sourcecode.swift; path = ChargingViewModel.swift; sourceTree = "<group>"; };
		6F8D3F29298C7D1E00C2E9FF /* CustomSliderViewModel.swift */ = {isa = PBXFileReference; lastKnownFileType = sourcecode.swift; path = CustomSliderViewModel.swift; sourceTree = "<group>"; };
		6FFCA03E29883AA60083C501 /* NeumorphismUnSelected.swift */ = {isa = PBXFileReference; lastKnownFileType = sourcecode.swift; path = NeumorphismUnSelected.swift; sourceTree = "<group>"; };
		6FFCA04029883B820083C501 /* NeumorphismSelected.swift */ = {isa = PBXFileReference; lastKnownFileType = sourcecode.swift; path = NeumorphismSelected.swift; sourceTree = "<group>"; };
		6FFCA04229883BEC0083C501 /* NeumorphismUnSelectedCircle.swift */ = {isa = PBXFileReference; lastKnownFileType = sourcecode.swift; path = NeumorphismUnSelectedCircle.swift; sourceTree = "<group>"; };
		6FFCA04429883C850083C501 /* View+Extension.swift */ = {isa = PBXFileReference; lastKnownFileType = sourcecode.swift; path = "View+Extension.swift"; sourceTree = "<group>"; };
		6FFCA04629883F460083C501 /* CarSettingsViewModel.swift */ = {isa = PBXFileReference; lastKnownFileType = sourcecode.swift; path = CarSettingsViewModel.swift; sourceTree = "<group>"; };
		6FFCA0482988551F0083C501 /* UIColor+Extension.swift */ = {isa = PBXFileReference; lastKnownFileType = sourcecode.swift; path = "UIColor+Extension.swift"; sourceTree = "<group>"; };
		6FFCA04A2988593E0083C501 /* Color+Extension.swift */ = {isa = PBXFileReference; lastKnownFileType = sourcecode.swift; path = "Color+Extension.swift"; sourceTree = "<group>"; };
		6FFCA04C298861FF0083C501 /* StartView.swift */ = {isa = PBXFileReference; lastKnownFileType = sourcecode.swift; path = StartView.swift; sourceTree = "<group>"; };
		6FFCA04E2988623F0083C501 /* Constants.swift */ = {isa = PBXFileReference; lastKnownFileType = sourcecode.swift; path = Constants.swift; sourceTree = "<group>"; };
		6FFCA053298867310083C501 /* NeumorphismSelectedCircle.swift */ = {isa = PBXFileReference; lastKnownFileType = sourcecode.swift; path = NeumorphismSelectedCircle.swift; sourceTree = "<group>"; };
		6FFCA05529886B4F0083C501 /* StartViewModel.swift */ = {isa = PBXFileReference; lastKnownFileType = sourcecode.swift; path = StartViewModel.swift; sourceTree = "<group>"; };
		6FFCA05729896B1C0083C501 /* AnimatableGradientModifier.swift */ = {isa = PBXFileReference; lastKnownFileType = sourcecode.swift; path = AnimatableGradientModifier.swift; sourceTree = "<group>"; };
/* End PBXFileReference section */

/* Begin PBXFrameworksBuildPhase section */
		6F6556D12975B74300808DB4 /* Frameworks */ = {
			isa = PBXFrameworksBuildPhase;
			buildActionMask = 2147483647;
			files = (
			);
			runOnlyForDeploymentPostprocessing = 0;
		};
/* End PBXFrameworksBuildPhase section */

/* Begin PBXGroup section */
		6F6556CB2975B74300808DB4 = {
			isa = PBXGroup;
			children = (
				6F6556D62975B74300808DB4 /* TeslaSUI */,
				6F6556D52975B74300808DB4 /* Products */,
			);
			sourceTree = "<group>";
		};
		6F6556D52975B74300808DB4 /* Products */ = {
			isa = PBXGroup;
			children = (
				6F6556D42975B74300808DB4 /* TeslaSUI.app */,
			);
			name = Products;
			sourceTree = "<group>";
		};
		6F6556D62975B74300808DB4 /* TeslaSUI */ = {
			isa = PBXGroup;
			children = (
				6F6556D72975B74300808DB4 /* SUIApp.swift */,
				6FFCA052298863910083C501 /* Views */,
				6FFCA0512988637F0083C501 /* ViewModifires */,
				6FFCA0502988636B0083C501 /* Extensions */,
				6FFCA04E2988623F0083C501 /* Constants.swift */,
				6F6556DB2975B74500808DB4 /* Assets.xcassets */,
				6F6556DD2975B74500808DB4 /* Preview Content */,
			);
			path = TeslaSUI;
			sourceTree = "<group>";
		};
		6F6556DD2975B74500808DB4 /* Preview Content */ = {
			isa = PBXGroup;
			children = (
				6F6556DE2975B74500808DB4 /* Preview Assets.xcassets */,
			);
			path = "Preview Content";
			sourceTree = "<group>";
		};
		6F8D3F10298B14F900C2E9FF /* CustomTabView */ = {
			isa = PBXGroup;
			children = (
				6F8D3F06298B12E900C2E9FF /* TabItemPreferenceKey.swift */,
				6F8D3F08298B132300C2E9FF /* TabItemModifire.swift */,
				6F8D3F0A298B136F00C2E9FF /* TabItem.swift */,
				6F8D3F0C298B13B200C2E9FF /* CustomTabView.swift */,
				6F8D3F0E298B145100C2E9FF /* CustomTabViewModel.swift */,
				6F8D3F17298C1DB400C2E9FF /* CustomTabViewBackground.swift */,
			);
			path = CustomTabView;
			sourceTree = "<group>";
		};
		6F8D3F11298B154B00C2E9FF /* ViewModels */ = {
			isa = PBXGroup;
			children = (
				6F8D3F27298C768100C2E9FF /* ChargingViewModel.swift */,
				6F8D3F23298C5CF900C2E9FF /* LaunchScreenViewModel.swift */,
				6F8D3F29298C7D1E00C2E9FF /* CustomSliderViewModel.swift */,
				6F8D3F15298B161E00C2E9FF /* MainTabViewModel.swift */,
				6F8D3EE6298AD10300C2E9FF /* BottomSheetViewModel.swift */,
				6F8D3EDE2989964900C2E9FF /* ClimateViewModel.swift */,
				6FFCA04629883F460083C501 /* CarSettingsViewModel.swift */,
				6FFCA05529886B4F0083C501 /* StartViewModel.swift */,
			);
			path = ViewModels;
			sourceTree = "<group>";
		};
		6F8D3F12298B155D00C2E9FF /* View */ = {
			isa = PBXGroup;
			children = (
				6F6556D92975B74300808DB4 /* CarSettingsView.swift */,
				6FFCA04C298861FF0083C501 /* StartView.swift */,
				6F8D3EDC2989894B00C2E9FF /* ClimateView.swift */,
				6F8D3F02298AEF9100C2E9FF /* LaunchScreenView.swift */,
				6F8D3EE22989AC1400C2E9FF /* BottomSheetView.swift */,
				6F8D3EE42989D81300C2E9FF /* CustomStepperView.swift */,
				6F8D3F19298C26D000C2E9FF /* ChargingView.swift */,
				6F8D3F25298C6D3C00C2E9FF /* CustomSliderView.swift */,
				6F8D3F1F298C428D00C2E9FF /* ProgressViewThumbViewShape.swift */,
				6F8D3F1D298C36F200C2E9FF /* CustomChargeProgressViewShape.swift */,
				6F8D3F13298B159800C2E9FF /* MainTabView.swift */,
			);
			path = View;
			sourceTree = "<group>";
		};
		6FFCA0502988636B0083C501 /* Extensions */ = {
			isa = PBXGroup;
			children = (
				6FFCA04429883C850083C501 /* View+Extension.swift */,
				6FFCA0482988551F0083C501 /* UIColor+Extension.swift */,
				6FFCA04A2988593E0083C501 /* Color+Extension.swift */,
			);
			path = Extensions;
			sourceTree = "<group>";
		};
		6FFCA0512988637F0083C501 /* ViewModifires */ = {
			isa = PBXGroup;
			children = (
				6FFCA05729896B1C0083C501 /* AnimatableGradientModifier.swift */,
				6FFCA03E29883AA60083C501 /* NeumorphismUnSelected.swift */,
				6FFCA04029883B820083C501 /* NeumorphismSelected.swift */,
				6FFCA04229883BEC0083C501 /* NeumorphismUnSelectedCircle.swift */,
				6FFCA053298867310083C501 /* NeumorphismSelectedCircle.swift */,
				6F8D3EDA298984A300C2E9FF /* NeumorhismNavigationCircleButtonUnselected.swift */,
				6F8D3EE029899B4C00C2E9FF /* ButtonImageModifier.swift */,
			);
			path = ViewModifires;
			sourceTree = "<group>";
		};
		6FFCA052298863910083C501 /* Views */ = {
			isa = PBXGroup;
			children = (
				6F8D3F12298B155D00C2E9FF /* View */,
				6F8D3F10298B14F900C2E9FF /* CustomTabView */,
				6F8D3F11298B154B00C2E9FF /* ViewModels */,
			);
			path = Views;
			sourceTree = "<group>";
		};
/* End PBXGroup section */

/* Begin PBXNativeTarget section */
		6F6556D32975B74300808DB4 /* TeslaSUI */ = {
			isa = PBXNativeTarget;
			buildConfigurationList = 6F6556E22975B74500808DB4 /* Build configuration list for PBXNativeTarget "TeslaSUI" */;
			buildPhases = (
				6F6556D02975B74300808DB4 /* Sources */,
				6FFCA03C298836750083C501 /* SwiftFormatter */,
				6FFCA03D298836900083C501 /* SwiftLinter */,
				6F6556D12975B74300808DB4 /* Frameworks */,
				6F6556D22975B74300808DB4 /* Resources */,
			);
			buildRules = (
			);
			dependencies = (
			);
			name = TeslaSUI;
			productName = SUI;
			productReference = 6F6556D42975B74300808DB4 /* TeslaSUI.app */;
			productType = "com.apple.product-type.application";
		};
/* End PBXNativeTarget section */

/* Begin PBXProject section */
		6F6556CC2975B74300808DB4 /* Project object */ = {
			isa = PBXProject;
			attributes = {
				BuildIndependentTargetsInParallel = 1;
				LastSwiftUpdateCheck = 1420;
				LastUpgradeCheck = 1420;
				TargetAttributes = {
					6F6556D32975B74300808DB4 = {
						CreatedOnToolsVersion = 14.2;
					};
				};
			};
			buildConfigurationList = 6F6556CF2975B74300808DB4 /* Build configuration list for PBXProject "TeslaSUI" */;
			compatibilityVersion = "Xcode 14.0";
			developmentRegion = en;
			hasScannedForEncodings = 0;
			knownRegions = (
				en,
				Base,
			);
			mainGroup = 6F6556CB2975B74300808DB4;
			productRefGroup = 6F6556D52975B74300808DB4 /* Products */;
			projectDirPath = "";
			projectRoot = "";
			targets = (
				6F6556D32975B74300808DB4 /* TeslaSUI */,
			);
		};
/* End PBXProject section */

/* Begin PBXResourcesBuildPhase section */
		6F6556D22975B74300808DB4 /* Resources */ = {
			isa = PBXResourcesBuildPhase;
			buildActionMask = 2147483647;
			files = (
				6F6556DF2975B74500808DB4 /* Preview Assets.xcassets in Resources */,
				6F6556DC2975B74500808DB4 /* Assets.xcassets in Resources */,
			);
			runOnlyForDeploymentPostprocessing = 0;
		};
/* End PBXResourcesBuildPhase section */

/* Begin PBXShellScriptBuildPhase section */
		6FFCA03C298836750083C501 /* SwiftFormatter */ = {
			isa = PBXShellScriptBuildPhase;
			buildActionMask = 8;
			files = (
			);
			inputFileListPaths = (
			);
			inputPaths = (
			);
			name = SwiftFormatter;
			outputFileListPaths = (
			);
			outputPaths = (
			);
			runOnlyForDeploymentPostprocessing = 1;
			shellPath = /bin/sh;
			shellScript = "export PATH=\"$PATH:/opt/homebrew/bin\"\nif which swiftformat >/dev/null; then\n  swiftformat .\nelse\n  echo \"warning: SwiftFormat not installed, download from https://github.com/nicklockwood/SwiftFormat\"\nfi\n";
		};
		6FFCA03D298836900083C501 /* SwiftLinter */ = {
			isa = PBXShellScriptBuildPhase;
			buildActionMask = 12;
			files = (
			);
			inputFileListPaths = (
			);
			inputPaths = (
			);
			name = SwiftLinter;
			outputFileListPaths = (
			);
			outputPaths = (
			);
			runOnlyForDeploymentPostprocessing = 0;
			shellPath = /bin/sh;
			shellScript = "export PATH=\"$PATH:/opt/homebrew/bin\"\nif which swiftlint > /dev/null; then\n  swiftlint\nelse\n  echo \"warning: SwiftLint not installed, download from https://github.com/realm/SwiftLint\"\nfi\n";
		};
/* End PBXShellScriptBuildPhase section */

/* Begin PBXSourcesBuildPhase section */
		6F6556D02975B74300808DB4 /* Sources */ = {
			isa = PBXSourcesBuildPhase;
			buildActionMask = 2147483647;
			files = (
				6F8D3EE52989D81300C2E9FF /* CustomStepperView.swift in Sources */,
				6F8D3F26298C6D3C00C2E9FF /* CustomSliderView.swift in Sources */,
				6F8D3F16298B161E00C2E9FF /* MainTabViewModel.swift in Sources */,
				6F8D3EE129899B4C00C2E9FF /* ButtonImageModifier.swift in Sources */,
				6FFCA05829896B1C0083C501 /* AnimatableGradientModifier.swift in Sources */,
				6F8D3F0B298B136F00C2E9FF /* TabItem.swift in Sources */,
				6F8D3EDF2989964900C2E9FF /* ClimateViewModel.swift in Sources */,
				6F8D3F0D298B13B200C2E9FF /* CustomTabView.swift in Sources */,
				6F8D3F0F298B145100C2E9FF /* CustomTabViewModel.swift in Sources */,
				6FFCA05629886B4F0083C501 /* StartViewModel.swift in Sources */,
				6F8D3F09298B132300C2E9FF /* TabItemModifire.swift in Sources */,
				6FFCA04129883B820083C501 /* NeumorphismSelected.swift in Sources */,
				6F8D3F20298C428D00C2E9FF /* ProgressViewThumbViewShape.swift in Sources */,
				6F8D3F1A298C26D000C2E9FF /* ChargingView.swift in Sources */,
				6FFCA04F2988623F0083C501 /* Constants.swift in Sources */,
				6F8D3F14298B159800C2E9FF /* MainTabView.swift in Sources */,
				6F8D3F18298C1DB400C2E9FF /* CustomTabViewBackground.swift in Sources */,
				6F8D3F28298C768100C2E9FF /* ChargingViewModel.swift in Sources */,
				6F8D3F2A298C7D1E00C2E9FF /* CustomSliderViewModel.swift in Sources */,
				6FFCA04D298861FF0083C501 /* StartView.swift in Sources */,
				6FFCA04B2988593E0083C501 /* Color+Extension.swift in Sources */,
				6F8D3EDD2989894B00C2E9FF /* ClimateView.swift in Sources */,
				6F6556DA2975B74300808DB4 /* CarSettingsView.swift in Sources */,
				6F8D3EE32989AC1400C2E9FF /* BottomSheetView.swift in Sources */,
				6F8D3EDB298984A300C2E9FF /* NeumorhismNavigationCircleButtonUnselected.swift in Sources */,
				6FFCA04329883BEC0083C501 /* NeumorphismUnSelectedCircle.swift in Sources */,
				6FFCA04729883F460083C501 /* CarSettingsViewModel.swift in Sources */,
				6F6556D82975B74300808DB4 /* SUIApp.swift in Sources */,
				6F8D3F24298C5CF900C2E9FF /* LaunchScreenViewModel.swift in Sources */,
				6FFCA054298867310083C501 /* NeumorphismSelectedCircle.swift in Sources */,
				6FFCA04529883C850083C501 /* View+Extension.swift in Sources */,
				6FFCA03F29883AA60083C501 /* NeumorphismUnSelected.swift in Sources */,
				6F8D3F07298B12E900C2E9FF /* TabItemPreferenceKey.swift in Sources */,
				6F8D3F03298AEF9100C2E9FF /* LaunchScreenView.swift in Sources */,
				6F8D3EE7298AD10300C2E9FF /* BottomSheetViewModel.swift in Sources */,
				6FFCA0492988551F0083C501 /* UIColor+Extension.swift in Sources */,
				6F8D3F1E298C36F200C2E9FF /* CustomChargeProgressViewShape.swift in Sources */,
			);
			runOnlyForDeploymentPostprocessing = 0;
		};
/* End PBXSourcesBuildPhase section */

/* Begin XCBuildConfiguration section */
		6F6556E02975B74500808DB4 /* Debug */ = {
			isa = XCBuildConfiguration;
			buildSettings = {
				ALWAYS_SEARCH_USER_PATHS = NO;
				CLANG_ANALYZER_NONNULL = YES;
				CLANG_ANALYZER_NUMBER_OBJECT_CONVERSION = YES_AGGRESSIVE;
				CLANG_CXX_LANGUAGE_STANDARD = "gnu++20";
				CLANG_ENABLE_MODULES = YES;
				CLANG_ENABLE_OBJC_ARC = YES;
				CLANG_ENABLE_OBJC_WEAK = YES;
				CLANG_WARN_BLOCK_CAPTURE_AUTORELEASING = YES;
				CLANG_WARN_BOOL_CONVERSION = YES;
				CLANG_WARN_COMMA = YES;
				CLANG_WARN_CONSTANT_CONVERSION = YES;
				CLANG_WARN_DEPRECATED_OBJC_IMPLEMENTATIONS = YES;
				CLANG_WARN_DIRECT_OBJC_ISA_USAGE = YES_ERROR;
				CLANG_WARN_DOCUMENTATION_COMMENTS = YES;
				CLANG_WARN_EMPTY_BODY = YES;
				CLANG_WARN_ENUM_CONVERSION = YES;
				CLANG_WARN_INFINITE_RECURSION = YES;
				CLANG_WARN_INT_CONVERSION = YES;
				CLANG_WARN_NON_LITERAL_NULL_CONVERSION = YES;
				CLANG_WARN_OBJC_IMPLICIT_RETAIN_SELF = YES;
				CLANG_WARN_OBJC_LITERAL_CONVERSION = YES;
				CLANG_WARN_OBJC_ROOT_CLASS = YES_ERROR;
				CLANG_WARN_QUOTED_INCLUDE_IN_FRAMEWORK_HEADER = YES;
				CLANG_WARN_RANGE_LOOP_ANALYSIS = YES;
				CLANG_WARN_STRICT_PROTOTYPES = YES;
				CLANG_WARN_SUSPICIOUS_MOVE = YES;
				CLANG_WARN_UNGUARDED_AVAILABILITY = YES_AGGRESSIVE;
				CLANG_WARN_UNREACHABLE_CODE = YES;
				CLANG_WARN__DUPLICATE_METHOD_MATCH = YES;
				COPY_PHASE_STRIP = NO;
				DEBUG_INFORMATION_FORMAT = dwarf;
				ENABLE_STRICT_OBJC_MSGSEND = YES;
				ENABLE_TESTABILITY = YES;
				GCC_C_LANGUAGE_STANDARD = gnu11;
				GCC_DYNAMIC_NO_PIC = NO;
				GCC_NO_COMMON_BLOCKS = YES;
				GCC_OPTIMIZATION_LEVEL = 0;
				GCC_PREPROCESSOR_DEFINITIONS = (
					"DEBUG=1",
					"$(inherited)",
				);
				GCC_WARN_64_TO_32_BIT_CONVERSION = YES;
				GCC_WARN_ABOUT_RETURN_TYPE = YES_ERROR;
				GCC_WARN_UNDECLARED_SELECTOR = YES;
				GCC_WARN_UNINITIALIZED_AUTOS = YES_AGGRESSIVE;
				GCC_WARN_UNUSED_FUNCTION = YES;
				GCC_WARN_UNUSED_VARIABLE = YES;
				IPHONEOS_DEPLOYMENT_TARGET = 16.2;
				MTL_ENABLE_DEBUG_INFO = INCLUDE_SOURCE;
				MTL_FAST_MATH = YES;
				ONLY_ACTIVE_ARCH = YES;
				SDKROOT = iphoneos;
				SWIFT_ACTIVE_COMPILATION_CONDITIONS = DEBUG;
				SWIFT_OPTIMIZATION_LEVEL = "-Onone";
			};
			name = Debug;
		};
		6F6556E12975B74500808DB4 /* Release */ = {
			isa = XCBuildConfiguration;
			buildSettings = {
				ALWAYS_SEARCH_USER_PATHS = NO;
				CLANG_ANALYZER_NONNULL = YES;
				CLANG_ANALYZER_NUMBER_OBJECT_CONVERSION = YES_AGGRESSIVE;
				CLANG_CXX_LANGUAGE_STANDARD = "gnu++20";
				CLANG_ENABLE_MODULES = YES;
				CLANG_ENABLE_OBJC_ARC = YES;
				CLANG_ENABLE_OBJC_WEAK = YES;
				CLANG_WARN_BLOCK_CAPTURE_AUTORELEASING = YES;
				CLANG_WARN_BOOL_CONVERSION = YES;
				CLANG_WARN_COMMA = YES;
				CLANG_WARN_CONSTANT_CONVERSION = YES;
				CLANG_WARN_DEPRECATED_OBJC_IMPLEMENTATIONS = YES;
				CLANG_WARN_DIRECT_OBJC_ISA_USAGE = YES_ERROR;
				CLANG_WARN_DOCUMENTATION_COMMENTS = YES;
				CLANG_WARN_EMPTY_BODY = YES;
				CLANG_WARN_ENUM_CONVERSION = YES;
				CLANG_WARN_INFINITE_RECURSION = YES;
				CLANG_WARN_INT_CONVERSION = YES;
				CLANG_WARN_NON_LITERAL_NULL_CONVERSION = YES;
				CLANG_WARN_OBJC_IMPLICIT_RETAIN_SELF = YES;
				CLANG_WARN_OBJC_LITERAL_CONVERSION = YES;
				CLANG_WARN_OBJC_ROOT_CLASS = YES_ERROR;
				CLANG_WARN_QUOTED_INCLUDE_IN_FRAMEWORK_HEADER = YES;
				CLANG_WARN_RANGE_LOOP_ANALYSIS = YES;
				CLANG_WARN_STRICT_PROTOTYPES = YES;
				CLANG_WARN_SUSPICIOUS_MOVE = YES;
				CLANG_WARN_UNGUARDED_AVAILABILITY = YES_AGGRESSIVE;
				CLANG_WARN_UNREACHABLE_CODE = YES;
				CLANG_WARN__DUPLICATE_METHOD_MATCH = YES;
				COPY_PHASE_STRIP = NO;
				DEBUG_INFORMATION_FORMAT = "dwarf-with-dsym";
				ENABLE_NS_ASSERTIONS = NO;
				ENABLE_STRICT_OBJC_MSGSEND = YES;
				GCC_C_LANGUAGE_STANDARD = gnu11;
				GCC_NO_COMMON_BLOCKS = YES;
				GCC_WARN_64_TO_32_BIT_CONVERSION = YES;
				GCC_WARN_ABOUT_RETURN_TYPE = YES_ERROR;
				GCC_WARN_UNDECLARED_SELECTOR = YES;
				GCC_WARN_UNINITIALIZED_AUTOS = YES_AGGRESSIVE;
				GCC_WARN_UNUSED_FUNCTION = YES;
				GCC_WARN_UNUSED_VARIABLE = YES;
				IPHONEOS_DEPLOYMENT_TARGET = 16.2;
				MTL_ENABLE_DEBUG_INFO = NO;
				MTL_FAST_MATH = YES;
				SDKROOT = iphoneos;
				SWIFT_COMPILATION_MODE = wholemodule;
				SWIFT_OPTIMIZATION_LEVEL = "-O";
				VALIDATE_PRODUCT = YES;
			};
			name = Release;
		};
		6F6556E32975B74500808DB4 /* Debug */ = {
			isa = XCBuildConfiguration;
			buildSettings = {
				ASSETCATALOG_COMPILER_APPICON_NAME = AppIcon;
				ASSETCATALOG_COMPILER_GLOBAL_ACCENT_COLOR_NAME = AccentColor;
				CODE_SIGN_STYLE = Automatic;
				CURRENT_PROJECT_VERSION = 1;
				DEVELOPMENT_ASSET_PATHS = "\"TeslaSUI/Preview Content\"";
				DEVELOPMENT_TEAM = J4QD3HTM2M;
				ENABLE_PREVIEWS = YES;
				GENERATE_INFOPLIST_FILE = YES;
				INFOPLIST_KEY_UIApplicationSceneManifest_Generation = YES;
				INFOPLIST_KEY_UIApplicationSupportsIndirectInputEvents = YES;
				INFOPLIST_KEY_UILaunchScreen_Generation = YES;
				INFOPLIST_KEY_UISupportedInterfaceOrientations_iPad = "UIInterfaceOrientationPortrait UIInterfaceOrientationPortraitUpsideDown UIInterfaceOrientationLandscapeLeft UIInterfaceOrientationLandscapeRight";
				INFOPLIST_KEY_UISupportedInterfaceOrientations_iPhone = "UIInterfaceOrientationPortrait UIInterfaceOrientationLandscapeLeft UIInterfaceOrientationLandscapeRight";
				IPHONEOS_DEPLOYMENT_TARGET = 15.0;
				LD_RUNPATH_SEARCH_PATHS = (
					"$(inherited)",
					"@executable_path/Frameworks",
				);
				MARKETING_VERSION = 1.0;
				PRODUCT_BUNDLE_IDENTIFIER = Shchepelin.SUI;
				PRODUCT_NAME = "$(TARGET_NAME)";
				SWIFT_EMIT_LOC_STRINGS = YES;
				SWIFT_VERSION = 5.0;
				TARGETED_DEVICE_FAMILY = "1,2";
			};
			name = Debug;
		};
		6F6556E42975B74500808DB4 /* Release */ = {
			isa = XCBuildConfiguration;
			buildSettings = {
				ASSETCATALOG_COMPILER_APPICON_NAME = AppIcon;
				ASSETCATALOG_COMPILER_GLOBAL_ACCENT_COLOR_NAME = AccentColor;
				CODE_SIGN_STYLE = Automatic;
				CURRENT_PROJECT_VERSION = 1;
				DEVELOPMENT_ASSET_PATHS = "\"TeslaSUI/Preview Content\"";
				DEVELOPMENT_TEAM = J4QD3HTM2M;
				ENABLE_PREVIEWS = YES;
				GENERATE_INFOPLIST_FILE = YES;
				INFOPLIST_KEY_UIApplicationSceneManifest_Generation = YES;
				INFOPLIST_KEY_UIApplicationSupportsIndirectInputEvents = YES;
				INFOPLIST_KEY_UILaunchScreen_Generation = YES;
				INFOPLIST_KEY_UISupportedInterfaceOrientations_iPad = "UIInterfaceOrientationPortrait UIInterfaceOrientationPortraitUpsideDown UIInterfaceOrientationLandscapeLeft UIInterfaceOrientationLandscapeRight";
				INFOPLIST_KEY_UISupportedInterfaceOrientations_iPhone = "UIInterfaceOrientationPortrait UIInterfaceOrientationLandscapeLeft UIInterfaceOrientationLandscapeRight";
				IPHONEOS_DEPLOYMENT_TARGET = 15.0;
				LD_RUNPATH_SEARCH_PATHS = (
					"$(inherited)",
					"@executable_path/Frameworks",
				);
				MARKETING_VERSION = 1.0;
				PRODUCT_BUNDLE_IDENTIFIER = Shchepelin.SUI;
				PRODUCT_NAME = "$(TARGET_NAME)";
				SWIFT_EMIT_LOC_STRINGS = YES;
				SWIFT_VERSION = 5.0;
				TARGETED_DEVICE_FAMILY = "1,2";
			};
			name = Release;
		};
/* End XCBuildConfiguration section */

/* Begin XCConfigurationList section */
		6F6556CF2975B74300808DB4 /* Build configuration list for PBXProject "TeslaSUI" */ = {
			isa = XCConfigurationList;
			buildConfigurations = (
				6F6556E02975B74500808DB4 /* Debug */,
				6F6556E12975B74500808DB4 /* Release */,
			);
			defaultConfigurationIsVisible = 0;
			defaultConfigurationName = Release;
		};
		6F6556E22975B74500808DB4 /* Build configuration list for PBXNativeTarget "TeslaSUI" */ = {
			isa = XCConfigurationList;
			buildConfigurations = (
				6F6556E32975B74500808DB4 /* Debug */,
				6F6556E42975B74500808DB4 /* Release */,
			);
			defaultConfigurationIsVisible = 0;
			defaultConfigurationName = Release;
		};
/* End XCConfigurationList section */
	};
	rootObject = 6F6556CC2975B74300808DB4 /* Project object */;
}
